
Microsoft Visual Studio Solution File, Format Version 12.00
Project("{FAE04EC0-301F-11D3-BF4B-00C04F79EFBC}") = "Messenger.API", "Messenger.API\Messenger.API.csproj", "{756ED503-BBFA-4958-8DC2-4ED258435861}"
EndProject
Project("{FAE04EC0-301F-11D3-BF4B-00C04F79EFBC}") = "Messenger.DAL", "Messenger.DAL\Messenger.DAL.csproj", "{E8370214-5897-446A-838B-A4AFF8D24C74}"
EndProject
Project("{FAE04EC0-301F-11D3-BF4B-00C04F79EFBC}") = "Messenger.BLL", "Messenger.BLL\Messenger.BLL.csproj", "{EA72E7AE-0A7B-42C2-9683-C35504B539E6}"
EndProject
Global
	GlobalSection(SolutionConfigurationPlatforms) = preSolution
		Debug|Any CPU = Debug|Any CPU
		Release|Any CPU = Release|Any CPU
	EndGlobalSection
	GlobalSection(ProjectConfigurationPlatforms) = postSolution
		{756ED503-BBFA-4958-8DC2-4ED258435861}.Debug|Any CPU.ActiveCfg = Debug|Any CPU
		{756ED503-BBFA-4958-8DC2-4ED258435861}.Debug|Any CPU.Build.0 = Debug|Any CPU
		{756ED503-BBFA-4958-8DC2-4ED258435861}.Release|Any CPU.ActiveCfg = Release|Any CPU
		{756ED503-BBFA-4958-8DC2-4ED258435861}.Release|Any CPU.Build.0 = Release|Any CPU
		{E8370214-5897-446A-838B-A4AFF8D24C74}.Debug|Any CPU.ActiveCfg = Debug|Any CPU
		{E8370214-5897-446A-838B-A4AFF8D24C74}.Debug|Any CPU.Build.0 = Debug|Any CPU
		{E8370214-5897-446A-838B-A4AFF8D24C74}.Release|Any CPU.ActiveCfg = Release|Any CPU
		{E8370214-5897-446A-838B-A4AFF8D24C74}.Release|Any CPU.Build.0 = Release|Any CPU
		{EA72E7AE-0A7B-42C2-9683-C35504B539E6}.Debug|Any CPU.ActiveCfg = Debug|Any CPU
		{EA72E7AE-0A7B-42C2-9683-C35504B539E6}.Debug|Any CPU.Build.0 = Debug|Any CPU
		{EA72E7AE-0A7B-42C2-9683-C35504B539E6}.Release|Any CPU.ActiveCfg = Release|Any CPU
		{EA72E7AE-0A7B-42C2-9683-C35504B539E6}.Release|Any CPU.Build.0 = Release|Any CPU
	EndGlobalSection
EndGlobal
